
Microsoft Visual Studio Solution File, Format Version 12.00
# Visual Studio Version 17
VisualStudioVersion = 17.3.32825.248
MinimumVisualStudioVersion = 10.0.40219.1
Project("{FAE04EC0-301F-11D3-BF4B-00C04F79EFBC}") = "Project 050922", "Project 050922.csproj", "{B5A2F2A8-98D6-45A8-8E55-5E575D5F9CF4}"
EndProject
Global
	GlobalSection(SolutionConfigurationPlatforms) = preSolution
		Debug|Any CPU = Debug|Any CPU
		Release|Any CPU = Release|Any CPU
	EndGlobalSection
	GlobalSection(ProjectConfigurationPlatforms) = postSolution
		{B5A2F2A8-98D6-45A8-8E55-5E575D5F9CF4}.Debug|Any CPU.ActiveCfg = Debug|Any CPU
		{B5A2F2A8-98D6-45A8-8E55-5E575D5F9CF4}.Debug|Any CPU.Build.0 = Debug|Any CPU
		{B5A2F2A8-98D6-45A8-8E55-5E575D5F9CF4}.Release|Any CPU.ActiveCfg = Release|Any CPU
		{B5A2F2A8-98D6-45A8-8E55-5E575D5F9CF4}.Release|Any CPU.Build.0 = Release|Any CPU
	EndGlobalSection
	GlobalSection(SolutionProperties) = preSolution
		HideSolutionNode = FALSE
	EndGlobalSection
	GlobalSection(ExtensibilityGlobals) = postSolution
		SolutionGuid = {F404C080-F3A0-4EDA-840B-6C9C5470C7AE}
	EndGlobalSection
EndGlobal
